
Microsoft Visual Studio Solution File, Format Version 12.00
# Visual Studio 15
VisualStudioVersion = 15.0.27703.2026
MinimumVisualStudioVersion = 10.0.40219.1
Project("{FAE04EC0-301F-11D3-BF4B-00C04F79EFBC}") = "DeMol", "DeMol\DeMol.csproj", "{32B10F73-6C2E-4C76-BDF5-A5FC4520700C}"
EndProject
Global
	GlobalSection(SolutionConfigurationPlatforms) = preSolution
		Debug|Any CPU = Debug|Any CPU
		Release|Any CPU = Release|Any CPU
	EndGlobalSection
	GlobalSection(ProjectConfigurationPlatforms) = postSolution
		{32B10F73-6C2E-4C76-BDF5-A5FC4520700C}.Debug|Any CPU.ActiveCfg = Debug|Any CPU
		{32B10F73-6C2E-4C76-BDF5-A5FC4520700C}.Debug|Any CPU.Build.0 = Debug|Any CPU
		{32B10F73-6C2E-4C76-BDF5-A5FC4520700C}.Release|Any CPU.ActiveCfg = Release|Any CPU
		{32B10F73-6C2E-4C76-BDF5-A5FC4520700C}.Release|Any CPU.Build.0 = Release|Any CPU
	EndGlobalSection
	GlobalSection(SolutionProperties) = preSolution
		HideSolutionNode = FALSE
	EndGlobalSection
	GlobalSection(ExtensibilityGlobals) = postSolution
		SolutionGuid = {FE7C574B-6FF6-410D-9ED2-58787B49C26D}
	EndGlobalSection
EndGlobal
